<?xml version="1.0" encoding="utf-8"?>
<Project ToolsVersion="4.0" xmlns="http://schemas.microsoft.com/developer/msbuild/2003">
  <ItemGroup>
    <Filter Include="Source Files">
      <UniqueIdentifier>{4FC737F1-C7A5-4376-A066-2A32D752A2FF}</UniqueIdentifier>
      <Extensions>cpp;c;cc;cxx;def;odl;idl;hpj;bat;asm;asmx</Extensions>
    </Filter>
    <Filter Include="Header Files">
      <UniqueIdentifier>{93995380-89BD-4b04-88EB-625FBE52EBFB}</UniqueIdentifier>
      <Extensions>h;hpp;hxx;hm;inl;inc;xsd</Extensions>
    </Filter>
    <Filter Include="Resource Files">
      <UniqueIdentifier>{67DA6AB6-F800-4c08-8B7A-83BB121AAD01}</UniqueIdentifier>
      <Extensions>rc;ico;cur;bmp;dlg;rc2;rct;bin;rgs;gif;jpg;jpeg;jpe;resx;tiff;tif;png;wav;mfcribbon-ms</Extensions>
    </Filter>
  </ItemGroup>
  <ItemGroup>
    <ClInclude Include="src\HelpersTest.h">
      <Filter>Header Files</Filter>
    </ClInclude>
    <ClInclude Include="src\stdafx.h">
      <Filter>Header Files</Filter>
    </ClInclude>
    <ClInclude Include="src\targetver.h">
      <Filter>Header Files</Filter>
    </ClInclude>
    <ClInclude Include="src\TestParams.h">
      <Filter>Header Files</Filter>
    </ClInclude>
    <ClInclude Include="src\wxCompatibilityTest.h">
      <Filter>Header Files</Filter>
    </ClInclude>
    <ClInclude Include="resource.h">
      <Filter>Resource Files</Filter>
    </ClInclude>
    <ClInclude Include="src\exOdbcGTest.h">
      <Filter>Header Files</Filter>
    </ClInclude>
    <ClInclude Include="src\EnvironmentTest.h">
      <Filter>Header Files</Filter>
    </ClInclude>
    <ClInclude Include="src\TableTest.h">
      <Filter>Header Files</Filter>
    </ClInclude>
    <ClInclude Include="src\DatabaseTest.h">
      <Filter>Header Files</Filter>
    </ClInclude>
    <ClInclude Include="src\ManualTestTables.h">
      <Filter>Header Files</Filter>
    </ClInclude>
    <ClInclude Include="src\TestTables.h">
      <Filter>Header Files</Filter>
    </ClInclude>
    <ClInclude Include="src\ExcelTest.h">
      <Filter>Header Files</Filter>
    </ClInclude>
    <ClInclude Include="src\VisitorsTest.h">
      <Filter>Header Files</Filter>
    </ClInclude>
    <ClInclude Include="src\TestDbCreator.h">
      <Filter>Header Files</Filter>
    </ClInclude>
    <ClInclude Include="src\SqlCBufferTest.h">
      <Filter>Header Files</Filter>
    </ClInclude>
    <ClInclude Include="src\IntegerColumnBufferTest.h">
      <Filter>Header Files</Filter>
    </ClInclude>
  </ItemGroup>
  <ItemGroup>
    <ClCompile Include="src\HelpersTest.cpp">
      <Filter>Source Files</Filter>
    </ClCompile>
    <ClCompile Include="src\stdafx.cpp">
      <Filter>Source Files</Filter>
    </ClCompile>
    <ClCompile Include="src\TestParams.cpp">
      <Filter>Source Files</Filter>
    </ClCompile>
    <ClCompile Include="src\exOdbcGTest.cpp">
      <Filter>Source Files</Filter>
    </ClCompile>
    <ClCompile Include="src\wxCompatibilityTest.cpp">
      <Filter>Source Files</Filter>
    </ClCompile>
    <ClCompile Include="src\EnvironmentTest.cpp">
      <Filter>Source Files</Filter>
    </ClCompile>
    <ClCompile Include="src\TableTest.cpp">
      <Filter>Source Files</Filter>
    </ClCompile>
    <ClCompile Include="src\DatabaseTest.cpp">
      <Filter>Source Files</Filter>
    </ClCompile>
    <ClCompile Include="src\ManualTestTables.cpp">
      <Filter>Source Files</Filter>
    </ClCompile>
    <ClCompile Include="src\TestTables.cpp">
      <Filter>Source Files</Filter>
    </ClCompile>
    <ClCompile Include="src\ExcelTest.cpp">
      <Filter>Source Files</Filter>
    </ClCompile>
    <ClCompile Include="src\VisitorsTests.cpp">
      <Filter>Source Files</Filter>
    </ClCompile>
    <ClCompile Include="src\TestDbCreator.cpp">
      <Filter>Source Files</Filter>
    </ClCompile>
    <ClCompile Include="src\SqlCBufferTest.cpp">
      <Filter>Source Files</Filter>
    </ClCompile>
    <ClCompile Include="src\IntegerColumnBufferTest.cpp">
      <Filter>Source Files</Filter>
    </ClCompile>
  </ItemGroup>
  <ItemGroup>
    <None Include="exOdbcGTest.rc2">
      <Filter>Resource Files</Filter>
    </None>
    <None Include="Version.h.template" />
    <None Include="CopyCreateScripts.bat" />
    <None Include="RunTests_DB2.ps1" />
    <None Include="RunTests_SqlServer.ps1" />
    <None Include="RunTests.ps1" />
    <None Include="RunTests_MySql.ps1" />
    <None Include="RunTests_Access.ps1" />
    <None Include="RunTests_Excel.ps1" />
  </ItemGroup>
  <ItemGroup>
    <ResourceCompile Include="exOdbcGTest.rc">
      <Filter>Resource Files</Filter>
    </ResourceCompile>
  </ItemGroup>
</Project>