<?xml version="1.0" encoding="utf-8"?>
<Project ToolsVersion="4.0" xmlns="http://schemas.microsoft.com/developer/msbuild/2003">
  <ItemGroup>
    <Filter Include="Resource Files">
      <UniqueIdentifier>{67DA6AB6-F800-4c08-8B7A-83BB121AAD01}</UniqueIdentifier>
      <Extensions>rc;ico;cur;bmp;dlg;rc2;rct;bin;rgs;gif;jpg;jpeg;jpe;resx;tiff;tif;png;wav;mfcribbon-ms</Extensions>
    </Filter>
    <Filter Include="src">
      <UniqueIdentifier>{958d540a-7335-4eff-a1ef-095662ed12ad}</UniqueIdentifier>
    </Filter>
    <Filter Include="include">
      <UniqueIdentifier>{abc03522-dbd0-4424-939d-56429752ed8a}</UniqueIdentifier>
    </Filter>
  </ItemGroup>
  <ItemGroup>
    <ClInclude Include="src\stdafx.h">
      <Filter>src</Filter>
    </ClInclude>
    <ClInclude Include="src\targetver.h">
      <Filter>src</Filter>
    </ClInclude>
    <ClInclude Include="resource.h">
      <Filter>Resource Files</Filter>
    </ClInclude>
    <ClInclude Include="include\exodbc\AssertionException.h">
      <Filter>include</Filter>
    </ClInclude>
    <ClInclude Include="include\exodbc\bitmask_operators.hpp">
      <Filter>include</Filter>
    </ClInclude>
    <ClInclude Include="include\exodbc\ColumnBuffer.h">
      <Filter>include</Filter>
    </ClInclude>
    <ClInclude Include="include\exodbc\ColumnBufferVisitors.h">
      <Filter>include</Filter>
    </ClInclude>
    <ClInclude Include="include\exodbc\Database.h">
      <Filter>include</Filter>
    </ClInclude>
    <ClInclude Include="include\exodbc\DebugNew.h">
      <Filter>include</Filter>
    </ClInclude>
    <ClInclude Include="include\exodbc\DoxygenToc.h">
      <Filter>include</Filter>
    </ClInclude>
    <ClInclude Include="include\exodbc\EnumFlags.h">
      <Filter>include</Filter>
    </ClInclude>
    <ClInclude Include="include\exodbc\Environment.h">
      <Filter>include</Filter>
    </ClInclude>
    <ClInclude Include="include\exodbc\Exception.h">
      <Filter>include</Filter>
    </ClInclude>
    <ClInclude Include="include\exodbc\ExecutableStatement.h">
      <Filter>include</Filter>
    </ClInclude>
    <ClInclude Include="include\exodbc\exOdbc.h">
      <Filter>include</Filter>
    </ClInclude>
    <ClInclude Include="include\exodbc\Helpers.h">
      <Filter>include</Filter>
    </ClInclude>
    <ClInclude Include="include\exodbc\InfoObject.h">
      <Filter>include</Filter>
    </ClInclude>
    <ClInclude Include="include\exodbc\LogHandler.h">
      <Filter>include</Filter>
    </ClInclude>
    <ClInclude Include="include\exodbc\LogManager.h">
      <Filter>include</Filter>
    </ClInclude>
    <ClInclude Include="include\exodbc\ObjectName.h">
      <Filter>include</Filter>
    </ClInclude>
    <ClInclude Include="include\exodbc\SpecializedExceptions.h">
      <Filter>include</Filter>
    </ClInclude>
    <ClInclude Include="include\exodbc\Sql2BufferTypeMap.h">
      <Filter>include</Filter>
    </ClInclude>
    <ClInclude Include="include\exodbc\SqlHandle.h">
      <Filter>include</Filter>
    </ClInclude>
    <ClInclude Include="include\exodbc\SqlStatementCloser.h">
      <Filter>include</Filter>
    </ClInclude>
    <ClInclude Include="include\exodbc\Table.h">
      <Filter>include</Filter>
    </ClInclude>
    <ClInclude Include="include\exodbc\TablePrivileges.h">
      <Filter>include</Filter>
    </ClInclude>
  </ItemGroup>
  <ItemGroup>
    <ClCompile Include="src\Database.cpp">
      <Filter>src</Filter>
    </ClCompile>
    <ClCompile Include="src\Table.cpp">
      <Filter>src</Filter>
    </ClCompile>
    <ClCompile Include="src\exOdbc.cpp">
      <Filter>src</Filter>
    </ClCompile>
    <ClCompile Include="src\stdafx.cpp">
      <Filter>src</Filter>
    </ClCompile>
    <ClCompile Include="src\Helpers.cpp">
      <Filter>src</Filter>
    </ClCompile>
    <ClCompile Include="src\Environment.cpp">
      <Filter>src</Filter>
    </ClCompile>
    <ClCompile Include="src\TablePrivileges.cpp">
      <Filter>src</Filter>
    </ClCompile>
    <ClCompile Include="src\Exception.cpp">
      <Filter>src</Filter>
    </ClCompile>
    <ClCompile Include="src\ObjectName.cpp">
      <Filter>src</Filter>
    </ClCompile>
    <ClCompile Include="src\InfoObject.cpp">
      <Filter>src</Filter>
    </ClCompile>
    <ClCompile Include="src\Sql2BufferTypeMap.cpp">
      <Filter>src</Filter>
    </ClCompile>
    <ClCompile Include="src\SqlStatementCloser.cpp">
      <Filter>src</Filter>
    </ClCompile>
    <ClCompile Include="src\ColumnBuffer.cpp">
      <Filter>src</Filter>
    </ClCompile>
    <ClCompile Include="src\ExecutableStatement.cpp">
      <Filter>src</Filter>
    </ClCompile>
    <ClCompile Include="src\ColumnBufferVisitors.cpp">
      <Filter>src</Filter>
    </ClCompile>
    <ClCompile Include="src\LogHandler.cpp">
      <Filter>src</Filter>
    </ClCompile>
    <ClCompile Include="src\LogManager.cpp">
      <Filter>src</Filter>
    </ClCompile>
    <ClCompile Include="src\AssertionException.cpp">
      <Filter>src</Filter>
    </ClCompile>
    <ClCompile Include="src\SpecializedExceptions.cpp">
      <Filter>src</Filter>
    </ClCompile>
  </ItemGroup>
  <ItemGroup>
    <None Include="Version.h.template" />
    <None Include="exOdbc.rc2">
      <Filter>Resource Files</Filter>
    </None>
  </ItemGroup>
  <ItemGroup>
    <ResourceCompile Include="exOdbc.rc">
      <Filter>Resource Files</Filter>
    </ResourceCompile>
  </ItemGroup>
</Project>