
Microsoft Visual Studio Solution File, Format Version 12.00
# Visual Studio 14
VisualStudioVersion = 14.0.24720.0
MinimumVisualStudioVersion = 10.0.40219.1
Project("{8BC9CEB8-8B4A-11D0-8D11-00A0C91BC942}") = "exOdbc", "exOdbc.vcxproj", "{021A7F83-D491-491B-B4E9-93F4F56340C1}"
EndProject
Global
	GlobalSection(SolutionConfigurationPlatforms) = preSolution
		Debug DLL|x64 = Debug DLL|x64
		Debug DLL|x86 = Debug DLL|x86
		Debug LIB|x64 = Debug LIB|x64
		Debug LIB|x86 = Debug LIB|x86
		Release DLL|x64 = Release DLL|x64
		Release DLL|x86 = Release DLL|x86
		Release LIB|x64 = Release LIB|x64
		Release LIB|x86 = Release LIB|x86
	EndGlobalSection
	GlobalSection(ProjectConfigurationPlatforms) = postSolution
		{021A7F83-D491-491B-B4E9-93F4F56340C1}.Debug DLL|x64.ActiveCfg = Release DLL|x64
		{021A7F83-D491-491B-B4E9-93F4F56340C1}.Debug DLL|x64.Build.0 = Release DLL|x64
		{021A7F83-D491-491B-B4E9-93F4F56340C1}.Debug DLL|x86.ActiveCfg = Debug DLL|Win32
		{021A7F83-D491-491B-B4E9-93F4F56340C1}.Debug DLL|x86.Build.0 = Debug DLL|Win32
		{021A7F83-D491-491B-B4E9-93F4F56340C1}.Debug LIB|x64.ActiveCfg = Debug LIB|x64
		{021A7F83-D491-491B-B4E9-93F4F56340C1}.Debug LIB|x64.Build.0 = Debug LIB|x64
		{021A7F83-D491-491B-B4E9-93F4F56340C1}.Debug LIB|x86.ActiveCfg = Debug LIB|Win32
		{021A7F83-D491-491B-B4E9-93F4F56340C1}.Debug LIB|x86.Build.0 = Debug LIB|Win32
		{021A7F83-D491-491B-B4E9-93F4F56340C1}.Release DLL|x64.ActiveCfg = Release DLL|x64
		{021A7F83-D491-491B-B4E9-93F4F56340C1}.Release DLL|x64.Build.0 = Release DLL|x64
		{021A7F83-D491-491B-B4E9-93F4F56340C1}.Release DLL|x86.ActiveCfg = Release DLL|Win32
		{021A7F83-D491-491B-B4E9-93F4F56340C1}.Release DLL|x86.Build.0 = Release DLL|Win32
		{021A7F83-D491-491B-B4E9-93F4F56340C1}.Release LIB|x64.ActiveCfg = Release LIB|x64
		{021A7F83-D491-491B-B4E9-93F4F56340C1}.Release LIB|x64.Build.0 = Release LIB|x64
		{021A7F83-D491-491B-B4E9-93F4F56340C1}.Release LIB|x86.ActiveCfg = Release LIB|Win32
		{021A7F83-D491-491B-B4E9-93F4F56340C1}.Release LIB|x86.Build.0 = Release LIB|Win32
	EndGlobalSection
	GlobalSection(SolutionProperties) = preSolution
		HideSolutionNode = FALSE
	EndGlobalSection
EndGlobal
